
Microsoft Visual Studio Solution File, Format Version 12.00
# Visual Studio Version 16
VisualStudioVersion = 16.0.30711.63
MinimumVisualStudioVersion = 10.0.40219.1
Project("{FAE04EC0-301F-11D3-BF4B-00C04F79EFBC}") = "homework2_1", "homework2_1\homework2_1.csproj", "{8965E609-A775-41A0-9F2B-1A1BC3ADEFC3}"
EndProject
Global
	GlobalSection(SolutionConfigurationPlatforms) = preSolution
		Debug|Any CPU = Debug|Any CPU
		Release|Any CPU = Release|Any CPU
	EndGlobalSection
	GlobalSection(ProjectConfigurationPlatforms) = postSolution
		{8965E609-A775-41A0-9F2B-1A1BC3ADEFC3}.Debug|Any CPU.ActiveCfg = Debug|Any CPU
		{8965E609-A775-41A0-9F2B-1A1BC3ADEFC3}.Debug|Any CPU.Build.0 = Debug|Any CPU
		{8965E609-A775-41A0-9F2B-1A1BC3ADEFC3}.Release|Any CPU.ActiveCfg = Release|Any CPU
		{8965E609-A775-41A0-9F2B-1A1BC3ADEFC3}.Release|Any CPU.Build.0 = Release|Any CPU
	EndGlobalSection
	GlobalSection(SolutionProperties) = preSolution
		HideSolutionNode = FALSE
	EndGlobalSection
	GlobalSection(ExtensibilityGlobals) = postSolution
		SolutionGuid = {84F7CBF2-4366-4FAE-B773-2E5265F85D00}
	EndGlobalSection
EndGlobal
